
Microsoft Visual Studio Solution File, Format Version 12.00
# Visual Studio 15
VisualStudioVersion = 15.0.28307.779
MinimumVisualStudioVersion = 10.0.40219.1
Project("{9A19103F-16F7-4668-BE54-9A1E7A4F7556}") = "UiTestWeatherStation", "UiTestWeatherStation\UiTestWeatherStation.csproj", "{C5E6F7A3-2770-4CB6-B6FB-FE1F455B81B3}"
EndProject
Project("{FAE04EC0-301F-11D3-BF4B-00C04F79EFBC}") = "RestConsumer", "RestConsumer\RestConsumer.csproj", "{2ABF2CD0-2DD2-445E-B5C6-08D282D64EB4}"
EndProject
Global
	GlobalSection(SolutionConfigurationPlatforms) = preSolution
		Debug|Any CPU = Debug|Any CPU
		Release|Any CPU = Release|Any CPU
	EndGlobalSection
	GlobalSection(ProjectConfigurationPlatforms) = postSolution
		{C5E6F7A3-2770-4CB6-B6FB-FE1F455B81B3}.Debug|Any CPU.ActiveCfg = Debug|Any CPU
		{C5E6F7A3-2770-4CB6-B6FB-FE1F455B81B3}.Debug|Any CPU.Build.0 = Debug|Any CPU
		{C5E6F7A3-2770-4CB6-B6FB-FE1F455B81B3}.Release|Any CPU.ActiveCfg = Release|Any CPU
		{C5E6F7A3-2770-4CB6-B6FB-FE1F455B81B3}.Release|Any CPU.Build.0 = Release|Any CPU
		{2ABF2CD0-2DD2-445E-B5C6-08D282D64EB4}.Debug|Any CPU.ActiveCfg = Debug|Any CPU
		{2ABF2CD0-2DD2-445E-B5C6-08D282D64EB4}.Debug|Any CPU.Build.0 = Debug|Any CPU
		{2ABF2CD0-2DD2-445E-B5C6-08D282D64EB4}.Release|Any CPU.ActiveCfg = Release|Any CPU
		{2ABF2CD0-2DD2-445E-B5C6-08D282D64EB4}.Release|Any CPU.Build.0 = Release|Any CPU
	EndGlobalSection
	GlobalSection(SolutionProperties) = preSolution
		HideSolutionNode = FALSE
	EndGlobalSection
	GlobalSection(ExtensibilityGlobals) = postSolution
		SolutionGuid = {132F40C7-26E7-4949-A8AF-6CDC3C094C7A}
	EndGlobalSection
EndGlobal
